
Microsoft Visual Studio Solution File, Format Version 12.00
# Visual Studio Version 17
VisualStudioVersion = 17.6.33723.286
MinimumVisualStudioVersion = 10.0.40219.1
Project("{FAE04EC0-301F-11D3-BF4B-00C04F79EFBC}") = "Guessing number game", "Guessing number game\Guessing number game.csproj", "{B3EDFA68-45F5-4EFD-B97F-0E5BB5B16760}"
EndProject
Global
	GlobalSection(SolutionConfigurationPlatforms) = preSolution
		Debug|Any CPU = Debug|Any CPU
		Release|Any CPU = Release|Any CPU
	EndGlobalSection
	GlobalSection(ProjectConfigurationPlatforms) = postSolution
		{B3EDFA68-45F5-4EFD-B97F-0E5BB5B16760}.Debug|Any CPU.ActiveCfg = Debug|Any CPU
		{B3EDFA68-45F5-4EFD-B97F-0E5BB5B16760}.Debug|Any CPU.Build.0 = Debug|Any CPU
		{B3EDFA68-45F5-4EFD-B97F-0E5BB5B16760}.Release|Any CPU.ActiveCfg = Release|Any CPU
		{B3EDFA68-45F5-4EFD-B97F-0E5BB5B16760}.Release|Any CPU.Build.0 = Release|Any CPU
	EndGlobalSection
	GlobalSection(SolutionProperties) = preSolution
		HideSolutionNode = FALSE
	EndGlobalSection
	GlobalSection(ExtensibilityGlobals) = postSolution
		SolutionGuid = {D25E3191-6ADA-44CA-931A-F07AF3805896}
	EndGlobalSection
EndGlobal
